// !$*UTF8*$!
{
	archiveVersion = 1;
	classes = {
	};
	objectVersion = 50;
	objects = {

/* Begin PBXBuildFile section */
		E4593CCA23F38FB300C2A8C0 /* AppDelegate.m in Sources */ = {isa = PBXBuildFile; fileRef = E4593CC923F38FB300C2A8C0 /* AppDelegate.m */; };
		E4593CCD23F38FB300C2A8C0 /* ViewController.m in Sources */ = {isa = PBXBuildFile; fileRef = E4593CCC23F38FB300C2A8C0 /* ViewController.m */; };
		E4593CD023F38FB300C2A8C0 /* Main.storyboard in Resources */ = {isa = PBXBuildFile; fileRef = E4593CCE23F38FB300C2A8C0 /* Main.storyboard */; };
		E4593CD223F38FB500C2A8C0 /* Assets.xcassets in Resources */ = {isa = PBXBuildFile; fileRef = E4593CD123F38FB500C2A8C0 /* Assets.xcassets */; };
		E4593CD523F38FB500C2A8C0 /* LaunchScreen.storyboard in Resources */ = {isa = PBXBuildFile; fileRef = E4593CD323F38FB500C2A8C0 /* LaunchScreen.storyboard */; };
		E4593CD823F38FB500C2A8C0 /* main.m in Sources */ = {isa = PBXBuildFile; fileRef = E4593CD723F38FB500C2A8C0 /* main.m */; };
		E4593CE223F38FB500C2A8C0 /* ____Tests.m in Sources */ = {isa = PBXBuildFile; fileRef = E4593CE123F38FB500C2A8C0 /* ____Tests.m */; };
		E4593CED23F38FB500C2A8C0 /* ____UITests.m in Sources */ = {isa = PBXBuildFile; fileRef = E4593CEC23F38FB500C2A8C0 /* ____UITests.m */; };
		E4593CFC23F38FCE00C2A8C0 /* Person.m in Sources */ = {isa = PBXBuildFile; fileRef = E4593CFB23F38FCE00C2A8C0 /* Person.m */; };
		E4593CFF23F3977C00C2A8C0 /* Dog.m in Sources */ = {isa = PBXBuildFile; fileRef = E4593CFE23F3977C00C2A8C0 /* Dog.m */; };
/* End PBXBuildFile section */

/* Begin PBXContainerItemProxy section */
		E4593CDE23F38FB500C2A8C0 /* PBXContainerItemProxy */ = {
			isa = PBXContainerItemProxy;
			containerPortal = E4593CBD23F38FB300C2A8C0 /* Project object */;
			proxyType = 1;
			remoteGlobalIDString = E4593CC423F38FB300C2A8C0;
			remoteInfo = "构造方法";
		};
		E4593CE923F38FB500C2A8C0 /* PBXContainerItemProxy */ = {
			isa = PBXContainerItemProxy;
			containerPortal = E4593CBD23F38FB300C2A8C0 /* Project object */;
			proxyType = 1;
			remoteGlobalIDString = E4593CC423F38FB300C2A8C0;
			remoteInfo = "构造方法";
		};
/* End PBXContainerItemProxy section */

/* Begin PBXFileReference section */
		E4593CC523F38FB300C2A8C0 /* 构造方法.app */ = {isa = PBXFileReference; explicitFileType = wrapper.application; includeInIndex = 0; path = "构造方法.app"; sourceTree = BUILT_PRODUCTS_DIR; };
		E4593CC823F38FB300C2A8C0 /* AppDelegate.h */ = {isa = PBXFileReference; lastKnownFileType = sourcecode.c.h; path = AppDelegate.h; sourceTree = "<group>"; };
		E4593CC923F38FB300C2A8C0 /* AppDelegate.m */ = {isa = PBXFileReference; lastKnownFileType = sourcecode.c.objc; path = AppDelegate.m; sourceTree = "<group>"; };
		E4593CCB23F38FB300C2A8C0 /* ViewController.h */ = {isa = PBXFileReference; lastKnownFileType = sourcecode.c.h; path = ViewController.h; sourceTree = "<group>"; };
		E4593CCC23F38FB300C2A8C0 /* ViewController.m */ = {isa = PBXFileReference; lastKnownFileType = sourcecode.c.objc; path = ViewController.m; sourceTree = "<group>"; };
		E4593CCF23F38FB300C2A8C0 /* Base */ = {isa = PBXFileReference; lastKnownFileType = file.storyboard; name = Base; path = Base.lproj/Main.storyboard; sourceTree = "<group>"; };
		E4593CD123F38FB500C2A8C0 /* Assets.xcassets */ = {isa = PBXFileReference; lastKnownFileType = folder.assetcatalog; path = Assets.xcassets; sourceTree = "<group>"; };
		E4593CD423F38FB500C2A8C0 /* Base */ = {isa = PBXFileReference; lastKnownFileType = file.storyboard; name = Base; path = Base.lproj/LaunchScreen.storyboard; sourceTree = "<group>"; };
		E4593CD623F38FB500C2A8C0 /* Info.plist */ = {isa = PBXFileReference; lastKnownFileType = text.plist.xml; path = Info.plist; sourceTree = "<group>"; };
		E4593CD723F38FB500C2A8C0 /* main.m */ = {isa = PBXFileReference; lastKnownFileType = sourcecode.c.objc; path = main.m; sourceTree = "<group>"; };
		E4593CDD23F38FB500C2A8C0 /* 构造方法Tests.xctest */ = {isa = PBXFileReference; explicitFileType = wrapper.cfbundle; includeInIndex = 0; path = "构造方法Tests.xctest"; sourceTree = BUILT_PRODUCTS_DIR; };
		E4593CE123F38FB500C2A8C0 /* ____Tests.m */ = {isa = PBXFileReference; lastKnownFileType = sourcecode.c.objc; path = "____Tests.m"; sourceTree = "<group>"; };
		E4593CE323F38FB500C2A8C0 /* Info.plist */ = {isa = PBXFileReference; lastKnownFileType = text.plist.xml; path = Info.plist; sourceTree = "<group>"; };
		E4593CE823F38FB500C2A8C0 /* 构造方法UITests.xctest */ = {isa = PBXFileReference; explicitFileType = wrapper.cfbundle; includeInIndex = 0; path = "构造方法UITests.xctest"; sourceTree = BUILT_PRODUCTS_DIR; };
		E4593CEC23F38FB500C2A8C0 /* ____UITests.m */ = {isa = PBXFileReference; lastKnownFileType = sourcecode.c.objc; path = "____UITests.m"; sourceTree = "<group>"; };
		E4593CEE23F38FB500C2A8C0 /* Info.plist */ = {isa = PBXFileReference; lastKnownFileType = text.plist.xml; path = Info.plist; sourceTree = "<group>"; };
		E4593CFA23F38FCE00C2A8C0 /* Person.h */ = {isa = PBXFileReference; lastKnownFileType = sourcecode.c.h; path = Person.h; sourceTree = "<group>"; };
		E4593CFB23F38FCE00C2A8C0 /* Person.m */ = {isa = PBXFileReference; lastKnownFileType = sourcecode.c.objc; path = Person.m; sourceTree = "<group>"; };
		E4593CFD23F3977C00C2A8C0 /* Dog.h */ = {isa = PBXFileReference; lastKnownFileType = sourcecode.c.h; path = Dog.h; sourceTree = "<group>"; };
		E4593CFE23F3977C00C2A8C0 /* Dog.m */ = {isa = PBXFileReference; lastKnownFileType = sourcecode.c.objc; path = Dog.m; sourceTree = "<group>"; };
/* End PBXFileReference section */

/* Begin PBXFrameworksBuildPhase section */
		E4593CC223F38FB300C2A8C0 /* Frameworks */ = {
			isa = PBXFrameworksBuildPhase;
			buildActionMask = 2147483647;
			files = (
			);
			runOnlyForDeploymentPostprocessing = 0;
		};
		E4593CDA23F38FB500C2A8C0 /* Frameworks */ = {
			isa = PBXFrameworksBuildPhase;
			buildActionMask = 2147483647;
			files = (
			);
			runOnlyForDeploymentPostprocessing = 0;
		};
		E4593CE523F38FB500C2A8C0 /* Frameworks */ = {
			isa = PBXFrameworksBuildPhase;
			buildActionMask = 2147483647;
			files = (
			);
			runOnlyForDeploymentPostprocessing = 0;
		};
/* End PBXFrameworksBuildPhase section */

/* Begin PBXGroup section */
		E4593CBC23F38FB300C2A8C0 = {
			isa = PBXGroup;
			children = (
				E4593CC723F38FB300C2A8C0 /* 构造方法 */,
				E4593CE023F38FB500C2A8C0 /* 构造方法Tests */,
				E4593CEB23F38FB500C2A8C0 /* 构造方法UITests */,
				E4593CC623F38FB300C2A8C0 /* Products */,
			);
			sourceTree = "<group>";
		};
		E4593CC623F38FB300C2A8C0 /* Products */ = {
			isa = PBXGroup;
			children = (
				E4593CC523F38FB300C2A8C0 /* 构造方法.app */,
				E4593CDD23F38FB500C2A8C0 /* 构造方法Tests.xctest */,
				E4593CE823F38FB500C2A8C0 /* 构造方法UITests.xctest */,
			);
			name = Products;
			sourceTree = "<group>";
		};
		E4593CC723F38FB300C2A8C0 /* 构造方法 */ = {
			isa = PBXGroup;
			children = (
				E4593CC823F38FB300C2A8C0 /* AppDelegate.h */,
				E4593CC923F38FB300C2A8C0 /* AppDelegate.m */,
				E4593CCB23F38FB300C2A8C0 /* ViewController.h */,
				E4593CCC23F38FB300C2A8C0 /* ViewController.m */,
				E4593CCE23F38FB300C2A8C0 /* Main.storyboard */,
				E4593CD123F38FB500C2A8C0 /* Assets.xcassets */,
				E4593CD323F38FB500C2A8C0 /* LaunchScreen.storyboard */,
				E4593CD623F38FB500C2A8C0 /* Info.plist */,
				E4593CD723F38FB500C2A8C0 /* main.m */,
				E4593CFA23F38FCE00C2A8C0 /* Person.h */,
				E4593CFB23F38FCE00C2A8C0 /* Person.m */,
				E4593CFD23F3977C00C2A8C0 /* Dog.h */,
				E4593CFE23F3977C00C2A8C0 /* Dog.m */,
			);
			path = "构造方法";
			sourceTree = "<group>";
		};
		E4593CE023F38FB500C2A8C0 /* 构造方法Tests */ = {
			isa = PBXGroup;
			children = (
				E4593CE123F38FB500C2A8C0 /* ____Tests.m */,
				E4593CE323F38FB500C2A8C0 /* Info.plist */,
			);
			path = "构造方法Tests";
			sourceTree = "<group>";
		};
		E4593CEB23F38FB500C2A8C0 /* 构造方法UITests */ = {
			isa = PBXGroup;
			children = (
				E4593CEC23F38FB500C2A8C0 /* ____UITests.m */,
				E4593CEE23F38FB500C2A8C0 /* Info.plist */,
			);
			path = "构造方法UITests";
			sourceTree = "<group>";
		};
/* End PBXGroup section */

/* Begin PBXNativeTarget section */
		E4593CC423F38FB300C2A8C0 /* 构造方法 */ = {
			isa = PBXNativeTarget;
			buildConfigurationList = E4593CF123F38FB500C2A8C0 /* Build configuration list for PBXNativeTarget "构造方法" */;
			buildPhases = (
				E4593CC123F38FB300C2A8C0 /* Sources */,
				E4593CC223F38FB300C2A8C0 /* Frameworks */,
				E4593CC323F38FB300C2A8C0 /* Resources */,
			);
			buildRules = (
			);
			dependencies = (
			);
			name = "构造方法";
			productName = "构造方法";
			productReference = E4593CC523F38FB300C2A8C0 /* 构造方法.app */;
			productType = "com.apple.product-type.application";
		};
		E4593CDC23F38FB500C2A8C0 /* 构造方法Tests */ = {
			isa = PBXNativeTarget;
			buildConfigurationList = E4593CF423F38FB500C2A8C0 /* Build configuration list for PBXNativeTarget "构造方法Tests" */;
			buildPhases = (
				E4593CD923F38FB500C2A8C0 /* Sources */,
				E4593CDA23F38FB500C2A8C0 /* Frameworks */,
				E4593CDB23F38FB500C2A8C0 /* Resources */,
			);
			buildRules = (
			);
			dependencies = (
				E4593CDF23F38FB500C2A8C0 /* PBXTargetDependency */,
			);
			name = "构造方法Tests";
			productName = "构造方法Tests";
			productReference = E4593CDD23F38FB500C2A8C0 /* 构造方法Tests.xctest */;
			productType = "com.apple.product-type.bundle.unit-test";
		};
		E4593CE723F38FB500C2A8C0 /* 构造方法UITests */ = {
			isa = PBXNativeTarget;
			buildConfigurationList = E4593CF723F38FB500C2A8C0 /* Build configuration list for PBXNativeTarget "构造方法UITests" */;
			buildPhases = (
				E4593CE423F38FB500C2A8C0 /* Sources */,
				E4593CE523F38FB500C2A8C0 /* Frameworks */,
				E4593CE623F38FB500C2A8C0 /* Resources */,
			);
			buildRules = (
			);
			dependencies = (
				E4593CEA23F38FB500C2A8C0 /* PBXTargetDependency */,
			);
			name = "构造方法UITests";
			productName = "构造方法UITests";
			productReference = E4593CE823F38FB500C2A8C0 /* 构造方法UITests.xctest */;
			productType = "com.apple.product-type.bundle.ui-testing";
		};
/* End PBXNativeTarget section */

/* Begin PBXProject section */
		E4593CBD23F38FB300C2A8C0 /* Project object */ = {
			isa = PBXProject;
			attributes = {
				LastUpgradeCheck = 0930;
				ORGANIZATIONNAME = FuJia;
				TargetAttributes = {
					E4593CC423F38FB300C2A8C0 = {
						CreatedOnToolsVersion = 9.3;
					};
					E4593CDC23F38FB500C2A8C0 = {
						CreatedOnToolsVersion = 9.3;
						TestTargetID = E4593CC423F38FB300C2A8C0;
					};
					E4593CE723F38FB500C2A8C0 = {
						CreatedOnToolsVersion = 9.3;
						TestTargetID = E4593CC423F38FB300C2A8C0;
					};
				};
			};
			buildConfigurationList = E4593CC023F38FB300C2A8C0 /* Build configuration list for PBXProject "构造方法" */;
			compatibilityVersion = "Xcode 9.3";
			developmentRegion = en;
			hasScannedForEncodings = 0;
			knownRegions = (
				en,
				Base,
			);
			mainGroup = E4593CBC23F38FB300C2A8C0;
			productRefGroup = E4593CC623F38FB300C2A8C0 /* Products */;
			projectDirPath = "";
			projectRoot = "";
			targets = (
				E4593CC423F38FB300C2A8C0 /* 构造方法 */,
				E4593CDC23F38FB500C2A8C0 /* 构造方法Tests */,
				E4593CE723F38FB500C2A8C0 /* 构造方法UITests */,
			);
		};
/* End PBXProject section */

/* Begin PBXResourcesBuildPhase section */
		E4593CC323F38FB300C2A8C0 /* Resources */ = {
			isa = PBXResourcesBuildPhase;
			buildActionMask = 2147483647;
			files = (
				E4593CD523F38FB500C2A8C0 /* LaunchScreen.storyboard in Resources */,
				E4593CD223F38FB500C2A8C0 /* Assets.xcassets in Resources */,
				E4593CD023F38FB300C2A8C0 /* Main.storyboard in Resources */,
			);
			runOnlyForDeploymentPostprocessing = 0;
		};
		E4593CDB23F38FB500C2A8C0 /* Resources */ = {
			isa = PBXResourcesBuildPhase;
			buildActionMask = 2147483647;
			files = (
			);
			runOnlyForDeploymentPostprocessing = 0;
		};
		E4593CE623F38FB500C2A8C0 /* Resources */ = {
			isa = PBXResourcesBuildPhase;
			buildActionMask = 2147483647;
			files = (
			);
			runOnlyForDeploymentPostprocessing = 0;
		};
/* End PBXResourcesBuildPhase section */

/* Begin PBXSourcesBuildPhase section */
		E4593CC123F38FB300C2A8C0 /* Sources */ = {
			isa = PBXSourcesBuildPhase;
			buildActionMask = 2147483647;
			files = (
				E4593CCD23F38FB300C2A8C0 /* ViewController.m in Sources */,
				E4593CD823F38FB500C2A8C0 /* main.m in Sources */,
				E4593CFF23F3977C00C2A8C0 /* Dog.m in Sources */,
				E4593CFC23F38FCE00C2A8C0 /* Person.m in Sources */,
				E4593CCA23F38FB300C2A8C0 /* AppDelegate.m in Sources */,
			);
			runOnlyForDeploymentPostprocessing = 0;
		};
		E4593CD923F38FB500C2A8C0 /* Sources */ = {
			isa = PBXSourcesBuildPhase;
			buildActionMask = 2147483647;
			files = (
				E4593CE223F38FB500C2A8C0 /* ____Tests.m in Sources */,
			);
			runOnlyForDeploymentPostprocessing = 0;
		};
		E4593CE423F38FB500C2A8C0 /* Sources */ = {
			isa = PBXSourcesBuildPhase;
			buildActionMask = 2147483647;
			files = (
				E4593CED23F38FB500C2A8C0 /* ____UITests.m in Sources */,
			);
			runOnlyForDeploymentPostprocessing = 0;
		};
/* End PBXSourcesBuildPhase section */

/* Begin PBXTargetDependency section */
		E4593CDF23F38FB500C2A8C0 /* PBXTargetDependency */ = {
			isa = PBXTargetDependency;
			target = E4593CC423F38FB300C2A8C0 /* 构造方法 */;
			targetProxy = E4593CDE23F38FB500C2A8C0 /* PBXContainerItemProxy */;
		};
		E4593CEA23F38FB500C2A8C0 /* PBXTargetDependency */ = {
			isa = PBXTargetDependency;
			target = E4593CC423F38FB300C2A8C0 /* 构造方法 */;
			targetProxy = E4593CE923F38FB500C2A8C0 /* PBXContainerItemProxy */;
		};
/* End PBXTargetDependency section */

/* Begin PBXVariantGroup section */
		E4593CCE23F38FB300C2A8C0 /* Main.storyboard */ = {
			isa = PBXVariantGroup;
			children = (
				E4593CCF23F38FB300C2A8C0 /* Base */,
			);
			name = Main.storyboard;
			sourceTree = "<group>";
		};
		E4593CD323F38FB500C2A8C0 /* LaunchScreen.storyboard */ = {
			isa = PBXVariantGroup;
			children = (
				E4593CD423F38FB500C2A8C0 /* Base */,
			);
			name = LaunchScreen.storyboard;
			sourceTree = "<group>";
		};
/* End PBXVariantGroup section */

/* Begin XCBuildConfiguration section */
		E4593CEF23F38FB500C2A8C0 /* Debug */ = {
			isa = XCBuildConfiguration;
			buildSettings = {
				ALWAYS_SEARCH_USER_PATHS = NO;
				CLANG_ANALYZER_NONNULL = YES;
				CLANG_ANALYZER_NUMBER_OBJECT_CONVERSION = YES_AGGRESSIVE;
				CLANG_CXX_LANGUAGE_STANDARD = "gnu++14";
				CLANG_CXX_LIBRARY = "libc++";
				CLANG_ENABLE_MODULES = YES;
				CLANG_ENABLE_OBJC_ARC = YES;
				CLANG_ENABLE_OBJC_WEAK = YES;
				CLANG_WARN_BLOCK_CAPTURE_AUTORELEASING = YES;
				CLANG_WARN_BOOL_CONVERSION = YES;
				CLANG_WARN_COMMA = YES;
				CLANG_WARN_CONSTANT_CONVERSION = YES;
				CLANG_WARN_DEPRECATED_OBJC_IMPLEMENTATIONS = YES;
				CLANG_WARN_DIRECT_OBJC_ISA_USAGE = YES_ERROR;
				CLANG_WARN_DOCUMENTATION_COMMENTS = YES;
				CLANG_WARN_EMPTY_BODY = YES;
				CLANG_WARN_ENUM_CONVERSION = YES;
				CLANG_WARN_INFINITE_RECURSION = YES;
				CLANG_WARN_INT_CONVERSION = YES;
				CLANG_WARN_NON_LITERAL_NULL_CONVERSION = YES;
				CLANG_WARN_OBJC_IMPLICIT_RETAIN_SELF = YES;
				CLANG_WARN_OBJC_LITERAL_CONVERSION = YES;
				CLANG_WARN_OBJC_ROOT_CLASS = YES_ERROR;
				CLANG_WARN_RANGE_LOOP_ANALYSIS = YES;
				CLANG_WARN_STRICT_PROTOTYPES = YES;
				CLANG_WARN_SUSPICIOUS_MOVE = YES;
				CLANG_WARN_UNGUARDED_AVAILABILITY = YES_AGGRESSIVE;
				CLANG_WARN_UNREACHABLE_CODE = YES;
				CLANG_WARN__DUPLICATE_METHOD_MATCH = YES;
				CODE_SIGN_IDENTITY = "iPhone Developer";
				COPY_PHASE_STRIP = NO;
				DEBUG_INFORMATION_FORMAT = dwarf;
				ENABLE_STRICT_OBJC_MSGSEND = YES;
				ENABLE_TESTABILITY = YES;
				GCC_C_LANGUAGE_STANDARD = gnu11;
				GCC_DYNAMIC_NO_PIC = NO;
				GCC_NO_COMMON_BLOCKS = YES;
				GCC_OPTIMIZATION_LEVEL = 0;
				GCC_PREPROCESSOR_DEFINITIONS = (
					"DEBUG=1",
					"$(inherited)",
				);
				GCC_WARN_64_TO_32_BIT_CONVERSION = YES;
				GCC_WARN_ABOUT_RETURN_TYPE = YES_ERROR;
				GCC_WARN_UNDECLARED_SELECTOR = YES;
				GCC_WARN_UNINITIALIZED_AUTOS = YES_AGGRESSIVE;
				GCC_WARN_UNUSED_FUNCTION = YES;
				GCC_WARN_UNUSED_VARIABLE = YES;
				IPHONEOS_DEPLOYMENT_TARGET = 11.3;
				MTL_ENABLE_DEBUG_INFO = YES;
				ONLY_ACTIVE_ARCH = YES;
				SDKROOT = iphoneos;
			};
			name = Debug;
		};
		E4593CF023F38FB500C2A8C0 /* Release */ = {
			isa = XCBuildConfiguration;
			buildSettings = {
				ALWAYS_SEARCH_USER_PATHS = NO;
				CLANG_ANALYZER_NONNULL = YES;
				CLANG_ANALYZER_NUMBER_OBJECT_CONVERSION = YES_AGGRESSIVE;
				CLANG_CXX_LANGUAGE_STANDARD = "gnu++14";
				CLANG_CXX_LIBRARY = "libc++";
				CLANG_ENABLE_MODULES = YES;
				CLANG_ENABLE_OBJC_ARC = YES;
				CLANG_ENABLE_OBJC_WEAK = YES;
				CLANG_WARN_BLOCK_CAPTURE_AUTORELEASING = YES;
				CLANG_WARN_BOOL_CONVERSION = YES;
				CLANG_WARN_COMMA = YES;
				CLANG_WARN_CONSTANT_CONVERSION = YES;
				CLANG_WARN_DEPRECATED_OBJC_IMPLEMENTATIONS = YES;
				CLANG_WARN_DIRECT_OBJC_ISA_USAGE = YES_ERROR;
				CLANG_WARN_DOCUMENTATION_COMMENTS = YES;
				CLANG_WARN_EMPTY_BODY = YES;
				CLANG_WARN_ENUM_CONVERSION = YES;
				CLANG_WARN_INFINITE_RECURSION = YES;
				CLANG_WARN_INT_CONVERSION = YES;
				CLANG_WARN_NON_LITERAL_NULL_CONVERSION = YES;
				CLANG_WARN_OBJC_IMPLICIT_RETAIN_SELF = YES;
				CLANG_WARN_OBJC_LITERAL_CONVERSION = YES;
				CLANG_WARN_OBJC_ROOT_CLASS = YES_ERROR;
				CLANG_WARN_RANGE_LOOP_ANALYSIS = YES;
				CLANG_WARN_STRICT_PROTOTYPES = YES;
				CLANG_WARN_SUSPICIOUS_MOVE = YES;
				CLANG_WARN_UNGUARDED_AVAILABILITY = YES_AGGRESSIVE;
				CLANG_WARN_UNREACHABLE_CODE = YES;
				CLANG_WARN__DUPLICATE_METHOD_MATCH = YES;
				CODE_SIGN_IDENTITY = "iPhone Developer";
				COPY_PHASE_STRIP = NO;
				DEBUG_INFORMATION_FORMAT = "dwarf-with-dsym";
				ENABLE_NS_ASSERTIONS = NO;
				ENABLE_STRICT_OBJC_MSGSEND = YES;
				GCC_C_LANGUAGE_STANDARD = gnu11;
				GCC_NO_COMMON_BLOCKS = YES;
				GCC_WARN_64_TO_32_BIT_CONVERSION = YES;
				GCC_WARN_ABOUT_RETURN_TYPE = YES_ERROR;
				GCC_WARN_UNDECLARED_SELECTOR = YES;
				GCC_WARN_UNINITIALIZED_AUTOS = YES_AGGRESSIVE;
				GCC_WARN_UNUSED_FUNCTION = YES;
				GCC_WARN_UNUSED_VARIABLE = YES;
				IPHONEOS_DEPLOYMENT_TARGET = 11.3;
				MTL_ENABLE_DEBUG_INFO = NO;
				SDKROOT = iphoneos;
				VALIDATE_PRODUCT = YES;
			};
			name = Release;
		};
		E4593CF223F38FB500C2A8C0 /* Debug */ = {
			isa = XCBuildConfiguration;
			buildSettings = {
				ASSETCATALOG_COMPILER_APPICON_NAME = AppIcon;
				CODE_SIGN_STYLE = Automatic;
				INFOPLIST_FILE = "构造方法/Info.plist";
				LD_RUNPATH_SEARCH_PATHS = (
					"$(inherited)",
					"@executable_path/Frameworks",
				);
				PRODUCT_BUNDLE_IDENTIFIER = "FuJia.----";
				PRODUCT_NAME = "$(TARGET_NAME)";
				TARGETED_DEVICE_FAMILY = "1,2";
			};
			name = Debug;
		};
		E4593CF323F38FB500C2A8C0 /* Release */ = {
			isa = XCBuildConfiguration;
			buildSettings = {
				ASSETCATALOG_COMPILER_APPICON_NAME = AppIcon;
				CODE_SIGN_STYLE = Automatic;
				INFOPLIST_FILE = "构造方法/Info.plist";
				LD_RUNPATH_SEARCH_PATHS = (
					"$(inherited)",
					"@executable_path/Frameworks",
				);
				PRODUCT_BUNDLE_IDENTIFIER = "FuJia.----";
				PRODUCT_NAME = "$(TARGET_NAME)";
				TARGETED_DEVICE_FAMILY = "1,2";
			};
			name = Release;
		};
		E4593CF523F38FB500C2A8C0 /* Debug */ = {
			isa = XCBuildConfiguration;
			buildSettings = {
				BUNDLE_LOADER = "$(TEST_HOST)";
				CODE_SIGN_STYLE = Automatic;
				INFOPLIST_FILE = "构造方法Tests/Info.plist";
				LD_RUNPATH_SEARCH_PATHS = (
					"$(inherited)",
					"@executable_path/Frameworks",
					"@loader_path/Frameworks",
				);
				PRODUCT_BUNDLE_IDENTIFIER = "FuJia.----Tests";
				PRODUCT_NAME = "$(TARGET_NAME)";
				TARGETED_DEVICE_FAMILY = "1,2";
				TEST_HOST = "$(BUILT_PRODUCTS_DIR)/构造方法.app/构造方法";
			};
			name = Debug;
		};
		E4593CF623F38FB500C2A8C0 /* Release */ = {
			isa = XCBuildConfiguration;
			buildSettings = {
				BUNDLE_LOADER = "$(TEST_HOST)";
				CODE_SIGN_STYLE = Automatic;
				INFOPLIST_FILE = "构造方法Tests/Info.plist";
				LD_RUNPATH_SEARCH_PATHS = (
					"$(inherited)",
					"@executable_path/Frameworks",
					"@loader_path/Frameworks",
				);
				PRODUCT_BUNDLE_IDENTIFIER = "FuJia.----Tests";
				PRODUCT_NAME = "$(TARGET_NAME)";
				TARGETED_DEVICE_FAMILY = "1,2";
				TEST_HOST = "$(BUILT_PRODUCTS_DIR)/构造方法.app/构造方法";
			};
			name = Release;
		};
		E4593CF823F38FB500C2A8C0 /* Debug */ = {
			isa = XCBuildConfiguration;
			buildSettings = {
				CODE_SIGN_STYLE = Automatic;
				INFOPLIST_FILE = "构造方法UITests/Info.plist";
				LD_RUNPATH_SEARCH_PATHS = (
					"$(inherited)",
					"@executable_path/Frameworks",
					"@loader_path/Frameworks",
				);
				PRODUCT_BUNDLE_IDENTIFIER = "FuJia.----UITests";
				PRODUCT_NAME = "$(TARGET_NAME)";
				TARGETED_DEVICE_FAMILY = "1,2";
				TEST_TARGET_NAME = "构造方法";
			};
			name = Debug;
		};
		E4593CF923F38FB500C2A8C0 /* Release */ = {
			isa = XCBuildConfiguration;
			buildSettings = {
				CODE_SIGN_STYLE = Automatic;
				INFOPLIST_FILE = "构造方法UITests/Info.plist";
				LD_RUNPATH_SEARCH_PATHS = (
					"$(inherited)",
					"@executable_path/Frameworks",
					"@loader_path/Frameworks",
				);
				PRODUCT_BUNDLE_IDENTIFIER = "FuJia.----UITests";
				PRODUCT_NAME = "$(TARGET_NAME)";
				TARGETED_DEVICE_FAMILY = "1,2";
				TEST_TARGET_NAME = "构造方法";
			};
			name = Release;
		};
/* End XCBuildConfiguration section */

/* Begin XCConfigurationList section */
		E4593CC023F38FB300C2A8C0 /* Build configuration list for PBXProject "构造方法" */ = {
			isa = XCConfigurationList;
			buildConfigurations = (
				E4593CEF23F38FB500C2A8C0 /* Debug */,
				E4593CF023F38FB500C2A8C0 /* Release */,
			);
			defaultConfigurationIsVisible = 0;
			defaultConfigurationName = Release;
		};
		E4593CF123F38FB500C2A8C0 /* Build configuration list for PBXNativeTarget "构造方法" */ = {
			isa = XCConfigurationList;
			buildConfigurations = (
				E4593CF223F38FB500C2A8C0 /* Debug */,
				E4593CF323F38FB500C2A8C0 /* Release */,
			);
			defaultConfigurationIsVisible = 0;
			defaultConfigurationName = Release;
		};
		E4593CF423F38FB500C2A8C0 /* Build configuration list for PBXNativeTarget "构造方法Tests" */ = {
			isa = XCConfigurationList;
			buildConfigurations = (
				E4593CF523F38FB500C2A8C0 /* Debug */,
				E4593CF623F38FB500C2A8C0 /* Release */,
			);
			defaultConfigurationIsVisible = 0;
			defaultConfigurationName = Release;
		};
		E4593CF723F38FB500C2A8C0 /* Build configuration list for PBXNativeTarget "构造方法UITests" */ = {
			isa = XCConfigurationList;
			buildConfigurations = (
				E4593CF823F38FB500C2A8C0 /* Debug */,
				E4593CF923F38FB500C2A8C0 /* Release */,
			);
			defaultConfigurationIsVisible = 0;
			defaultConfigurationName = Release;
		};
/* End XCConfigurationList section */
	};
	rootObject = E4593CBD23F38FB300C2A8C0 /* Project object */;
}
