// !$*UTF8*$!
{
	archiveVersion = 1;
	classes = {
	};
	objectVersion = 50;
	objects = {

/* Begin PBXBuildFile section */
		E4C94C4D23F69BAC0043D173 /* main.m in Sources */ = {isa = PBXBuildFile; fileRef = E4C94C4C23F69BAC0043D173 /* main.m */; };
		E4C94C5623F69CB20043D173 /* Boy.m in Sources */ = {isa = PBXBuildFile; fileRef = E4C94C5523F69CB20043D173 /* Boy.m */; };
		E4C94C5923F69DB70043D173 /* Girl.m in Sources */ = {isa = PBXBuildFile; fileRef = E4C94C5823F69DB70043D173 /* Girl.m */; };
/* End PBXBuildFile section */

/* Begin PBXCopyFilesBuildPhase section */
		E4C94C4723F69BAB0043D173 /* CopyFiles */ = {
			isa = PBXCopyFilesBuildPhase;
			buildActionMask = 2147483647;
			dstPath = /usr/share/man/man1/;
			dstSubfolderSpec = 0;
			files = (
			);
			runOnlyForDeploymentPostprocessing = 1;
		};
/* End PBXCopyFilesBuildPhase section */

/* Begin PBXFileReference section */
		E4C94C4923F69BAB0043D173 /* 代理 */ = {isa = PBXFileReference; explicitFileType = "compiled.mach-o.executable"; includeInIndex = 0; path = "代理"; sourceTree = BUILT_PRODUCTS_DIR; };
		E4C94C4C23F69BAC0043D173 /* main.m */ = {isa = PBXFileReference; lastKnownFileType = sourcecode.c.objc; path = main.m; sourceTree = "<group>"; };
		E4C94C5323F69C680043D173 /* GFProtocol.h */ = {isa = PBXFileReference; lastKnownFileType = sourcecode.c.h; path = GFProtocol.h; sourceTree = "<group>"; };
		E4C94C5423F69CB20043D173 /* Boy.h */ = {isa = PBXFileReference; lastKnownFileType = sourcecode.c.h; path = Boy.h; sourceTree = "<group>"; };
		E4C94C5523F69CB20043D173 /* Boy.m */ = {isa = PBXFileReference; lastKnownFileType = sourcecode.c.objc; path = Boy.m; sourceTree = "<group>"; };
		E4C94C5723F69DB70043D173 /* Girl.h */ = {isa = PBXFileReference; lastKnownFileType = sourcecode.c.h; path = Girl.h; sourceTree = "<group>"; };
		E4C94C5823F69DB70043D173 /* Girl.m */ = {isa = PBXFileReference; lastKnownFileType = sourcecode.c.objc; path = Girl.m; sourceTree = "<group>"; };
/* End PBXFileReference section */

/* Begin PBXFrameworksBuildPhase section */
		E4C94C4623F69BAB0043D173 /* Frameworks */ = {
			isa = PBXFrameworksBuildPhase;
			buildActionMask = 2147483647;
			files = (
			);
			runOnlyForDeploymentPostprocessing = 0;
		};
/* End PBXFrameworksBuildPhase section */

/* Begin PBXGroup section */
		E4C94C4023F69BAB0043D173 = {
			isa = PBXGroup;
			children = (
				E4C94C4B23F69BAB0043D173 /* 代理 */,
				E4C94C4A23F69BAB0043D173 /* Products */,
			);
			sourceTree = "<group>";
		};
		E4C94C4A23F69BAB0043D173 /* Products */ = {
			isa = PBXGroup;
			children = (
				E4C94C4923F69BAB0043D173 /* 代理 */,
			);
			name = Products;
			sourceTree = "<group>";
		};
		E4C94C4B23F69BAB0043D173 /* 代理 */ = {
			isa = PBXGroup;
			children = (
				E4C94C4C23F69BAC0043D173 /* main.m */,
				E4C94C5323F69C680043D173 /* GFProtocol.h */,
				E4C94C5423F69CB20043D173 /* Boy.h */,
				E4C94C5523F69CB20043D173 /* Boy.m */,
				E4C94C5723F69DB70043D173 /* Girl.h */,
				E4C94C5823F69DB70043D173 /* Girl.m */,
			);
			path = "代理";
			sourceTree = "<group>";
		};
/* End PBXGroup section */

/* Begin PBXNativeTarget section */
		E4C94C4823F69BAB0043D173 /* 代理 */ = {
			isa = PBXNativeTarget;
			buildConfigurationList = E4C94C5023F69BAC0043D173 /* Build configuration list for PBXNativeTarget "代理" */;
			buildPhases = (
				E4C94C4523F69BAB0043D173 /* Sources */,
				E4C94C4623F69BAB0043D173 /* Frameworks */,
				E4C94C4723F69BAB0043D173 /* CopyFiles */,
			);
			buildRules = (
			);
			dependencies = (
			);
			name = "代理";
			productName = "代理";
			productReference = E4C94C4923F69BAB0043D173 /* 代理 */;
			productType = "com.apple.product-type.tool";
		};
/* End PBXNativeTarget section */

/* Begin PBXProject section */
		E4C94C4123F69BAB0043D173 /* Project object */ = {
			isa = PBXProject;
			attributes = {
				LastUpgradeCheck = 0930;
				ORGANIZATIONNAME = FuJia;
				TargetAttributes = {
					E4C94C4823F69BAB0043D173 = {
						CreatedOnToolsVersion = 9.3;
					};
				};
			};
			buildConfigurationList = E4C94C4423F69BAB0043D173 /* Build configuration list for PBXProject "代理" */;
			compatibilityVersion = "Xcode 9.3";
			developmentRegion = en;
			hasScannedForEncodings = 0;
			knownRegions = (
				en,
			);
			mainGroup = E4C94C4023F69BAB0043D173;
			productRefGroup = E4C94C4A23F69BAB0043D173 /* Products */;
			projectDirPath = "";
			projectRoot = "";
			targets = (
				E4C94C4823F69BAB0043D173 /* 代理 */,
			);
		};
/* End PBXProject section */

/* Begin PBXSourcesBuildPhase section */
		E4C94C4523F69BAB0043D173 /* Sources */ = {
			isa = PBXSourcesBuildPhase;
			buildActionMask = 2147483647;
			files = (
				E4C94C5623F69CB20043D173 /* Boy.m in Sources */,
				E4C94C4D23F69BAC0043D173 /* main.m in Sources */,
				E4C94C5923F69DB70043D173 /* Girl.m in Sources */,
			);
			runOnlyForDeploymentPostprocessing = 0;
		};
/* End PBXSourcesBuildPhase section */

/* Begin XCBuildConfiguration section */
		E4C94C4E23F69BAC0043D173 /* Debug */ = {
			isa = XCBuildConfiguration;
			buildSettings = {
				ALWAYS_SEARCH_USER_PATHS = NO;
				CLANG_ANALYZER_NONNULL = YES;
				CLANG_ANALYZER_NUMBER_OBJECT_CONVERSION = YES_AGGRESSIVE;
				CLANG_CXX_LANGUAGE_STANDARD = "gnu++14";
				CLANG_CXX_LIBRARY = "libc++";
				CLANG_ENABLE_MODULES = YES;
				CLANG_ENABLE_OBJC_ARC = YES;
				CLANG_ENABLE_OBJC_WEAK = YES;
				CLANG_WARN_BLOCK_CAPTURE_AUTORELEASING = YES;
				CLANG_WARN_BOOL_CONVERSION = YES;
				CLANG_WARN_COMMA = YES;
				CLANG_WARN_CONSTANT_CONVERSION = YES;
				CLANG_WARN_DEPRECATED_OBJC_IMPLEMENTATIONS = YES;
				CLANG_WARN_DIRECT_OBJC_ISA_USAGE = YES_ERROR;
				CLANG_WARN_DOCUMENTATION_COMMENTS = YES;
				CLANG_WARN_EMPTY_BODY = YES;
				CLANG_WARN_ENUM_CONVERSION = YES;
				CLANG_WARN_INFINITE_RECURSION = YES;
				CLANG_WARN_INT_CONVERSION = YES;
				CLANG_WARN_NON_LITERAL_NULL_CONVERSION = YES;
				CLANG_WARN_OBJC_IMPLICIT_RETAIN_SELF = YES;
				CLANG_WARN_OBJC_LITERAL_CONVERSION = YES;
				CLANG_WARN_OBJC_ROOT_CLASS = YES_ERROR;
				CLANG_WARN_RANGE_LOOP_ANALYSIS = YES;
				CLANG_WARN_STRICT_PROTOTYPES = YES;
				CLANG_WARN_SUSPICIOUS_MOVE = YES;
				CLANG_WARN_UNGUARDED_AVAILABILITY = YES_AGGRESSIVE;
				CLANG_WARN_UNREACHABLE_CODE = YES;
				CLANG_WARN__DUPLICATE_METHOD_MATCH = YES;
				CODE_SIGN_IDENTITY = "-";
				COPY_PHASE_STRIP = NO;
				DEBUG_INFORMATION_FORMAT = dwarf;
				ENABLE_STRICT_OBJC_MSGSEND = YES;
				ENABLE_TESTABILITY = YES;
				GCC_C_LANGUAGE_STANDARD = gnu11;
				GCC_DYNAMIC_NO_PIC = NO;
				GCC_NO_COMMON_BLOCKS = YES;
				GCC_OPTIMIZATION_LEVEL = 0;
				GCC_PREPROCESSOR_DEFINITIONS = (
					"DEBUG=1",
					"$(inherited)",
				);
				GCC_WARN_64_TO_32_BIT_CONVERSION = YES;
				GCC_WARN_ABOUT_RETURN_TYPE = YES_ERROR;
				GCC_WARN_UNDECLARED_SELECTOR = YES;
				GCC_WARN_UNINITIALIZED_AUTOS = YES_AGGRESSIVE;
				GCC_WARN_UNUSED_FUNCTION = YES;
				GCC_WARN_UNUSED_VARIABLE = YES;
				MACOSX_DEPLOYMENT_TARGET = 10.13;
				MTL_ENABLE_DEBUG_INFO = YES;
				ONLY_ACTIVE_ARCH = YES;
				SDKROOT = macosx;
			};
			name = Debug;
		};
		E4C94C4F23F69BAC0043D173 /* Release */ = {
			isa = XCBuildConfiguration;
			buildSettings = {
				ALWAYS_SEARCH_USER_PATHS = NO;
				CLANG_ANALYZER_NONNULL = YES;
				CLANG_ANALYZER_NUMBER_OBJECT_CONVERSION = YES_AGGRESSIVE;
				CLANG_CXX_LANGUAGE_STANDARD = "gnu++14";
				CLANG_CXX_LIBRARY = "libc++";
				CLANG_ENABLE_MODULES = YES;
				CLANG_ENABLE_OBJC_ARC = YES;
				CLANG_ENABLE_OBJC_WEAK = YES;
				CLANG_WARN_BLOCK_CAPTURE_AUTORELEASING = YES;
				CLANG_WARN_BOOL_CONVERSION = YES;
				CLANG_WARN_COMMA = YES;
				CLANG_WARN_CONSTANT_CONVERSION = YES;
				CLANG_WARN_DEPRECATED_OBJC_IMPLEMENTATIONS = YES;
				CLANG_WARN_DIRECT_OBJC_ISA_USAGE = YES_ERROR;
				CLANG_WARN_DOCUMENTATION_COMMENTS = YES;
				CLANG_WARN_EMPTY_BODY = YES;
				CLANG_WARN_ENUM_CONVERSION = YES;
				CLANG_WARN_INFINITE_RECURSION = YES;
				CLANG_WARN_INT_CONVERSION = YES;
				CLANG_WARN_NON_LITERAL_NULL_CONVERSION = YES;
				CLANG_WARN_OBJC_IMPLICIT_RETAIN_SELF = YES;
				CLANG_WARN_OBJC_LITERAL_CONVERSION = YES;
				CLANG_WARN_OBJC_ROOT_CLASS = YES_ERROR;
				CLANG_WARN_RANGE_LOOP_ANALYSIS = YES;
				CLANG_WARN_STRICT_PROTOTYPES = YES;
				CLANG_WARN_SUSPICIOUS_MOVE = YES;
				CLANG_WARN_UNGUARDED_AVAILABILITY = YES_AGGRESSIVE;
				CLANG_WARN_UNREACHABLE_CODE = YES;
				CLANG_WARN__DUPLICATE_METHOD_MATCH = YES;
				CODE_SIGN_IDENTITY = "-";
				COPY_PHASE_STRIP = NO;
				DEBUG_INFORMATION_FORMAT = "dwarf-with-dsym";
				ENABLE_NS_ASSERTIONS = NO;
				ENABLE_STRICT_OBJC_MSGSEND = YES;
				GCC_C_LANGUAGE_STANDARD = gnu11;
				GCC_NO_COMMON_BLOCKS = YES;
				GCC_WARN_64_TO_32_BIT_CONVERSION = YES;
				GCC_WARN_ABOUT_RETURN_TYPE = YES_ERROR;
				GCC_WARN_UNDECLARED_SELECTOR = YES;
				GCC_WARN_UNINITIALIZED_AUTOS = YES_AGGRESSIVE;
				GCC_WARN_UNUSED_FUNCTION = YES;
				GCC_WARN_UNUSED_VARIABLE = YES;
				MACOSX_DEPLOYMENT_TARGET = 10.13;
				MTL_ENABLE_DEBUG_INFO = NO;
				SDKROOT = macosx;
			};
			name = Release;
		};
		E4C94C5123F69BAC0043D173 /* Debug */ = {
			isa = XCBuildConfiguration;
			buildSettings = {
				CODE_SIGN_STYLE = Automatic;
				PRODUCT_NAME = "$(TARGET_NAME)";
			};
			name = Debug;
		};
		E4C94C5223F69BAC0043D173 /* Release */ = {
			isa = XCBuildConfiguration;
			buildSettings = {
				CODE_SIGN_STYLE = Automatic;
				PRODUCT_NAME = "$(TARGET_NAME)";
			};
			name = Release;
		};
/* End XCBuildConfiguration section */

/* Begin XCConfigurationList section */
		E4C94C4423F69BAB0043D173 /* Build configuration list for PBXProject "代理" */ = {
			isa = XCConfigurationList;
			buildConfigurations = (
				E4C94C4E23F69BAC0043D173 /* Debug */,
				E4C94C4F23F69BAC0043D173 /* Release */,
			);
			defaultConfigurationIsVisible = 0;
			defaultConfigurationName = Release;
		};
		E4C94C5023F69BAC0043D173 /* Build configuration list for PBXNativeTarget "代理" */ = {
			isa = XCConfigurationList;
			buildConfigurations = (
				E4C94C5123F69BAC0043D173 /* Debug */,
				E4C94C5223F69BAC0043D173 /* Release */,
			);
			defaultConfigurationIsVisible = 0;
			defaultConfigurationName = Release;
		};
/* End XCConfigurationList section */
	};
	rootObject = E4C94C4123F69BAB0043D173 /* Project object */;
}
